// !$*UTF8*$!
{
	archiveVersion = 1;
	classes = {
	};
	objectVersion = 56;
	objects = {

/* Begin PBXBuildFile section */
		783CDDFA29786F1A006CD833 /* AppDelegate.swift in Sources */ = {isa = PBXBuildFile; fileRef = 783CDDF929786F1A006CD833 /* AppDelegate.swift */; };
		783CDDFC29786F1A006CD833 /* SceneDelegate.swift in Sources */ = {isa = PBXBuildFile; fileRef = 783CDDFB29786F1A006CD833 /* SceneDelegate.swift */; };
		783CDE0329786F1B006CD833 /* Assets.xcassets in Resources */ = {isa = PBXBuildFile; fileRef = 783CDE0229786F1B006CD833 /* Assets.xcassets */; };
		783CDE0E2978700F006CD833 /* Start.storyboard in Resources */ = {isa = PBXBuildFile; fileRef = 783CDE0D2978700F006CD833 /* Start.storyboard */; };
		785604AF29ADF0F600E23723 /* GoogleService-Info.plist in Resources */ = {isa = PBXBuildFile; fileRef = 785604AE29ADF0F600E23723 /* GoogleService-Info.plist */; };
		7869C7D629B11BC800B0149A /* HomeViewController.swift in Sources */ = {isa = PBXBuildFile; fileRef = 7869C7D529B11BC800B0149A /* HomeViewController.swift */; };
		7869C7D829B11BD500B0149A /* SearchViewController.swift in Sources */ = {isa = PBXBuildFile; fileRef = 7869C7D729B11BD500B0149A /* SearchViewController.swift */; };
		7869C7DA29B11BE400B0149A /* ProfileViewController.swift in Sources */ = {isa = PBXBuildFile; fileRef = 7869C7D929B11BE400B0149A /* ProfileViewController.swift */; };
		7869C7DC29B11C3000B0149A /* ShareViewController.swift in Sources */ = {isa = PBXBuildFile; fileRef = 7869C7DB29B11C3000B0149A /* ShareViewController.swift */; };
		7869C7DE29B11C4200B0149A /* AktivityViewController.swift in Sources */ = {isa = PBXBuildFile; fileRef = 7869C7DD29B11C4200B0149A /* AktivityViewController.swift */; };
		786BF94B29B8FD6C008547F4 /* Main.storyboard in Resources */ = {isa = PBXBuildFile; fileRef = 786BF94A29B8FD6C008547F4 /* Main.storyboard */; };
		786BF94D29B90258008547F4 /* Home.storyboard in Resources */ = {isa = PBXBuildFile; fileRef = 786BF94C29B90258008547F4 /* Home.storyboard */; };
		786BF94F29B90275008547F4 /* Discovery.storyboard in Resources */ = {isa = PBXBuildFile; fileRef = 786BF94E29B90275008547F4 /* Discovery.storyboard */; };
		786BF95129B9028F008547F4 /* Share.storyboard in Resources */ = {isa = PBXBuildFile; fileRef = 786BF95029B9028F008547F4 /* Share.storyboard */; };
		786BF95329B902C2008547F4 /* Activity.storyboard in Resources */ = {isa = PBXBuildFile; fileRef = 786BF95229B902C2008547F4 /* Activity.storyboard */; };
		786BF95529B902D2008547F4 /* Profil.storyboard in Resources */ = {isa = PBXBuildFile; fileRef = 786BF95429B902D2008547F4 /* Profil.storyboard */; };
		78B5537429A63E8D006DE4BE /* LoginViewController.swift in Sources */ = {isa = PBXBuildFile; fileRef = 78B5537329A63E8D006DE4BE /* LoginViewController.swift */; };
		78B5537629A63EAC006DE4BE /* RegistrationViewController.swift in Sources */ = {isa = PBXBuildFile; fileRef = 78B5537529A63EAC006DE4BE /* RegistrationViewController.swift */; };
		ED6FDADBF0C5AADF8F175764 /* Pods_MersegrammM.framework in Frameworks */ = {isa = PBXBuildFile; fileRef = 3F94169BBE333EB0CD8407F5 /* Pods_MersegrammM.framework */; };
/* End PBXBuildFile section */

/* Begin PBXFileReference section */
		3F94169BBE333EB0CD8407F5 /* Pods_MersegrammM.framework */ = {isa = PBXFileReference; explicitFileType = wrapper.framework; includeInIndex = 0; path = Pods_MersegrammM.framework; sourceTree = BUILT_PRODUCTS_DIR; };
		783CDDF629786F1A006CD833 /* MersegrammM.app */ = {isa = PBXFileReference; explicitFileType = wrapper.application; includeInIndex = 0; path = MersegrammM.app; sourceTree = BUILT_PRODUCTS_DIR; };
		783CDDF929786F1A006CD833 /* AppDelegate.swift */ = {isa = PBXFileReference; lastKnownFileType = sourcecode.swift; path = AppDelegate.swift; sourceTree = "<group>"; };
		783CDDFB29786F1A006CD833 /* SceneDelegate.swift */ = {isa = PBXFileReference; lastKnownFileType = sourcecode.swift; path = SceneDelegate.swift; sourceTree = "<group>"; };
		783CDE0229786F1B006CD833 /* Assets.xcassets */ = {isa = PBXFileReference; lastKnownFileType = folder.assetcatalog; path = Assets.xcassets; sourceTree = "<group>"; };
		783CDE0729786F1B006CD833 /* Info.plist */ = {isa = PBXFileReference; lastKnownFileType = text.plist.xml; path = Info.plist; sourceTree = "<group>"; };
		783CDE0D2978700F006CD833 /* Start.storyboard */ = {isa = PBXFileReference; lastKnownFileType = file.storyboard; path = Start.storyboard; sourceTree = "<group>"; };
		785604AE29ADF0F600E23723 /* GoogleService-Info.plist */ = {isa = PBXFileReference; fileEncoding = 4; lastKnownFileType = text.plist.xml; path = "GoogleService-Info.plist"; sourceTree = "<group>"; };
		7869C7D529B11BC800B0149A /* HomeViewController.swift */ = {isa = PBXFileReference; lastKnownFileType = sourcecode.swift; path = HomeViewController.swift; sourceTree = "<group>"; };
		7869C7D729B11BD500B0149A /* SearchViewController.swift */ = {isa = PBXFileReference; lastKnownFileType = sourcecode.swift; path = SearchViewController.swift; sourceTree = "<group>"; };
		7869C7D929B11BE400B0149A /* ProfileViewController.swift */ = {isa = PBXFileReference; lastKnownFileType = sourcecode.swift; path = ProfileViewController.swift; sourceTree = "<group>"; };
		7869C7DB29B11C3000B0149A /* ShareViewController.swift */ = {isa = PBXFileReference; lastKnownFileType = sourcecode.swift; path = ShareViewController.swift; sourceTree = "<group>"; };
		7869C7DD29B11C4200B0149A /* AktivityViewController.swift */ = {isa = PBXFileReference; lastKnownFileType = sourcecode.swift; path = AktivityViewController.swift; sourceTree = "<group>"; };
		786BF94A29B8FD6C008547F4 /* Main.storyboard */ = {isa = PBXFileReference; fileEncoding = 4; lastKnownFileType = file.storyboard; path = Main.storyboard; sourceTree = "<group>"; };
		786BF94C29B90258008547F4 /* Home.storyboard */ = {isa = PBXFileReference; fileEncoding = 4; lastKnownFileType = file.storyboard; path = Home.storyboard; sourceTree = "<group>"; };
		786BF94E29B90275008547F4 /* Discovery.storyboard */ = {isa = PBXFileReference; fileEncoding = 4; lastKnownFileType = file.storyboard; path = Discovery.storyboard; sourceTree = "<group>"; };
		786BF95029B9028F008547F4 /* Share.storyboard */ = {isa = PBXFileReference; fileEncoding = 4; lastKnownFileType = file.storyboard; path = Share.storyboard; sourceTree = "<group>"; };
		786BF95229B902C2008547F4 /* Activity.storyboard */ = {isa = PBXFileReference; fileEncoding = 4; lastKnownFileType = file.storyboard; path = Activity.storyboard; sourceTree = "<group>"; };
		786BF95429B902D2008547F4 /* Profil.storyboard */ = {isa = PBXFileReference; fileEncoding = 4; lastKnownFileType = file.storyboard; path = Profil.storyboard; sourceTree = "<group>"; };
		78B5537329A63E8D006DE4BE /* LoginViewController.swift */ = {isa = PBXFileReference; lastKnownFileType = sourcecode.swift; path = LoginViewController.swift; sourceTree = "<group>"; };
		78B5537529A63EAC006DE4BE /* RegistrationViewController.swift */ = {isa = PBXFileReference; lastKnownFileType = sourcecode.swift; path = RegistrationViewController.swift; sourceTree = "<group>"; };
		87B938694E0A7C208268D868 /* Pods-MersegrammM.debug.xcconfig */ = {isa = PBXFileReference; includeInIndex = 1; lastKnownFileType = text.xcconfig; name = "Pods-MersegrammM.debug.xcconfig"; path = "Target Support Files/Pods-MersegrammM/Pods-MersegrammM.debug.xcconfig"; sourceTree = "<group>"; };
		AB9B0D347FF0363CFFC4B124 /* Pods-MersegrammM.release.xcconfig */ = {isa = PBXFileReference; includeInIndex = 1; lastKnownFileType = text.xcconfig; name = "Pods-MersegrammM.release.xcconfig"; path = "Target Support Files/Pods-MersegrammM/Pods-MersegrammM.release.xcconfig"; sourceTree = "<group>"; };
/* End PBXFileReference section */

/* Begin PBXFrameworksBuildPhase section */
		783CDDF329786F1A006CD833 /* Frameworks */ = {
			isa = PBXFrameworksBuildPhase;
			buildActionMask = 2147483647;
			files = (
				ED6FDADBF0C5AADF8F175764 /* Pods_MersegrammM.framework in Frameworks */,
			);
			runOnlyForDeploymentPostprocessing = 0;
		};
/* End PBXFrameworksBuildPhase section */

/* Begin PBXGroup section */
		2BE00EF5177257B80046F5F0 /* Pods */ = {
			isa = PBXGroup;
			children = (
				87B938694E0A7C208268D868 /* Pods-MersegrammM.debug.xcconfig */,
				AB9B0D347FF0363CFFC4B124 /* Pods-MersegrammM.release.xcconfig */,
			);
			path = Pods;
			sourceTree = "<group>";
		};
		783CDDED29786F1A006CD833 = {
			isa = PBXGroup;
			children = (
				783CDDF829786F1A006CD833 /* MersegrammM */,
				783CDDF729786F1A006CD833 /* Products */,
				2BE00EF5177257B80046F5F0 /* Pods */,
				A4F7145A3972C20440B324D8 /* Frameworks */,
			);
			sourceTree = "<group>";
		};
		783CDDF729786F1A006CD833 /* Products */ = {
			isa = PBXGroup;
			children = (
				783CDDF629786F1A006CD833 /* MersegrammM.app */,
			);
			name = Products;
			sourceTree = "<group>";
		};
		783CDDF829786F1A006CD833 /* MersegrammM */ = {
			isa = PBXGroup;
			children = (
				783CDDF929786F1A006CD833 /* AppDelegate.swift */,
				783CDDFB29786F1A006CD833 /* SceneDelegate.swift */,
				783CDE0229786F1B006CD833 /* Assets.xcassets */,
				783CDE0729786F1B006CD833 /* Info.plist */,
				785604AE29ADF0F600E23723 /* GoogleService-Info.plist */,
				783CDE0D2978700F006CD833 /* Start.storyboard */,
				786BF94A29B8FD6C008547F4 /* Main.storyboard */,
				786BF95429B902D2008547F4 /* Profil.storyboard */,
				786BF95229B902C2008547F4 /* Activity.storyboard */,
				786BF95029B9028F008547F4 /* Share.storyboard */,
				786BF94E29B90275008547F4 /* Discovery.storyboard */,
				786BF94C29B90258008547F4 /* Home.storyboard */,
				7869C7D529B11BC800B0149A /* HomeViewController.swift */,
				7869C7D729B11BD500B0149A /* SearchViewController.swift */,
				7869C7D929B11BE400B0149A /* ProfileViewController.swift */,
				7869C7DB29B11C3000B0149A /* ShareViewController.swift */,
				7869C7DD29B11C4200B0149A /* AktivityViewController.swift */,
				78B5537329A63E8D006DE4BE /* LoginViewController.swift */,
				78B5537529A63EAC006DE4BE /* RegistrationViewController.swift */,
			);
			path = MersegrammM;
			sourceTree = "<group>";
		};
		A4F7145A3972C20440B324D8 /* Frameworks */ = {
			isa = PBXGroup;
			children = (
				3F94169BBE333EB0CD8407F5 /* Pods_MersegrammM.framework */,
			);
			name = Frameworks;
			sourceTree = "<group>";
		};
/* End PBXGroup section */

/* Begin PBXNativeTarget section */
		783CDDF529786F1A006CD833 /* MersegrammM */ = {
			isa = PBXNativeTarget;
			buildConfigurationList = 783CDE0A29786F1B006CD833 /* Build configuration list for PBXNativeTarget "MersegrammM" */;
			buildPhases = (
				D11677CBF9BE203394E1E7B0 /* [CP] Check Pods Manifest.lock */,
				783CDDF229786F1A006CD833 /* Sources */,
				783CDDF329786F1A006CD833 /* Frameworks */,
				783CDDF429786F1A006CD833 /* Resources */,
				AF3B86CABAD0D84028D6796B /* [CP] Embed Pods Frameworks */,
			);
			buildRules = (
			);
			dependencies = (
			);
			name = MersegrammM;
			productName = MersegrammM;
			productReference = 783CDDF629786F1A006CD833 /* MersegrammM.app */;
			productType = "com.apple.product-type.application";
		};
/* End PBXNativeTarget section */

/* Begin PBXProject section */
		783CDDEE29786F1A006CD833 /* Project object */ = {
			isa = PBXProject;
			attributes = {
				BuildIndependentTargetsInParallel = 1;
				LastSwiftUpdateCheck = 1420;
				LastUpgradeCheck = 1420;
				TargetAttributes = {
					783CDDF529786F1A006CD833 = {
						CreatedOnToolsVersion = 14.2;
					};
				};
			};
			buildConfigurationList = 783CDDF129786F1A006CD833 /* Build configuration list for PBXProject "MersegrammM" */;
			compatibilityVersion = "Xcode 14.0";
			developmentRegion = en;
			hasScannedForEncodings = 0;
			knownRegions = (
				en,
				Base,
			);
			mainGroup = 783CDDED29786F1A006CD833;
			productRefGroup = 783CDDF729786F1A006CD833 /* Products */;
			projectDirPath = "";
			projectRoot = "";
			targets = (
				783CDDF529786F1A006CD833 /* MersegrammM */,
			);
		};
/* End PBXProject section */

/* Begin PBXResourcesBuildPhase section */
		783CDDF429786F1A006CD833 /* Resources */ = {
			isa = PBXResourcesBuildPhase;
			buildActionMask = 2147483647;
			files = (
				783CDE0329786F1B006CD833 /* Assets.xcassets in Resources */,
				786BF94D29B90258008547F4 /* Home.storyboard in Resources */,
				783CDE0E2978700F006CD833 /* Start.storyboard in Resources */,
				785604AF29ADF0F600E23723 /* GoogleService-Info.plist in Resources */,
				786BF94B29B8FD6C008547F4 /* Main.storyboard in Resources */,
				786BF95529B902D2008547F4 /* Profil.storyboard in Resources */,
				786BF95129B9028F008547F4 /* Share.storyboard in Resources */,
				786BF94F29B90275008547F4 /* Discovery.storyboard in Resources */,
				786BF95329B902C2008547F4 /* Activity.storyboard in Resources */,
			);
			runOnlyForDeploymentPostprocessing = 0;
		};
/* End PBXResourcesBuildPhase section */

/* Begin PBXShellScriptBuildPhase section */
		AF3B86CABAD0D84028D6796B /* [CP] Embed Pods Frameworks */ = {
			isa = PBXShellScriptBuildPhase;
			buildActionMask = 2147483647;
			files = (
			);
			inputFileListPaths = (
				"${PODS_ROOT}/Target Support Files/Pods-MersegrammM/Pods-MersegrammM-frameworks-${CONFIGURATION}-input-files.xcfilelist",
			);
			name = "[CP] Embed Pods Frameworks";
			outputFileListPaths = (
				"${PODS_ROOT}/Target Support Files/Pods-MersegrammM/Pods-MersegrammM-frameworks-${CONFIGURATION}-output-files.xcfilelist",
			);
			runOnlyForDeploymentPostprocessing = 0;
			shellPath = /bin/sh;
			shellScript = "\"${PODS_ROOT}/Target Support Files/Pods-MersegrammM/Pods-MersegrammM-frameworks.sh\"\n";
			showEnvVarsInLog = 0;
		};
		D11677CBF9BE203394E1E7B0 /* [CP] Check Pods Manifest.lock */ = {
			isa = PBXShellScriptBuildPhase;
			buildActionMask = 2147483647;
			files = (
			);
			inputFileListPaths = (
			);
			inputPaths = (
				"${PODS_PODFILE_DIR_PATH}/Podfile.lock",
				"${PODS_ROOT}/Manifest.lock",
			);
			name = "[CP] Check Pods Manifest.lock";
			outputFileListPaths = (
			);
			outputPaths = (
				"$(DERIVED_FILE_DIR)/Pods-MersegrammM-checkManifestLockResult.txt",
			);
			runOnlyForDeploymentPostprocessing = 0;
			shellPath = /bin/sh;
			shellScript = "diff \"${PODS_PODFILE_DIR_PATH}/Podfile.lock\" \"${PODS_ROOT}/Manifest.lock\" > /dev/null\nif [ $? != 0 ] ; then\n    # print error to STDERR\n    echo \"error: The sandbox is not in sync with the Podfile.lock. Run 'pod install' or update your CocoaPods installation.\" >&2\n    exit 1\nfi\n# This output is used by Xcode 'outputs' to avoid re-running this script phase.\necho \"SUCCESS\" > \"${SCRIPT_OUTPUT_FILE_0}\"\n";
			showEnvVarsInLog = 0;
		};
/* End PBXShellScriptBuildPhase section */

/* Begin PBXSourcesBuildPhase section */
		783CDDF229786F1A006CD833 /* Sources */ = {
			isa = PBXSourcesBuildPhase;
			buildActionMask = 2147483647;
			files = (
				7869C7D829B11BD500B0149A /* SearchViewController.swift in Sources */,
				7869C7D629B11BC800B0149A /* HomeViewController.swift in Sources */,
				78B5537429A63E8D006DE4BE /* LoginViewController.swift in Sources */,
				783CDDFA29786F1A006CD833 /* AppDelegate.swift in Sources */,
				7869C7DA29B11BE400B0149A /* ProfileViewController.swift in Sources */,
				78B5537629A63EAC006DE4BE /* RegistrationViewController.swift in Sources */,
				7869C7DC29B11C3000B0149A /* ShareViewController.swift in Sources */,
				7869C7DE29B11C4200B0149A /* AktivityViewController.swift in Sources */,
				783CDDFC29786F1A006CD833 /* SceneDelegate.swift in Sources */,
			);
			runOnlyForDeploymentPostprocessing = 0;
		};
/* End PBXSourcesBuildPhase section */

/* Begin XCBuildConfiguration section */
		783CDE0829786F1B006CD833 /* Debug */ = {
			isa = XCBuildConfiguration;
			buildSettings = {
				ALWAYS_SEARCH_USER_PATHS = NO;
				CLANG_ANALYZER_NONNULL = YES;
				CLANG_ANALYZER_NUMBER_OBJECT_CONVERSION = YES_AGGRESSIVE;
				CLANG_CXX_LANGUAGE_STANDARD = "gnu++20";
				CLANG_ENABLE_MODULES = YES;
				CLANG_ENABLE_OBJC_ARC = YES;
				CLANG_ENABLE_OBJC_WEAK = YES;
				CLANG_WARN_BLOCK_CAPTURE_AUTORELEASING = YES;
				CLANG_WARN_BOOL_CONVERSION = YES;
				CLANG_WARN_COMMA = YES;
				CLANG_WARN_CONSTANT_CONVERSION = YES;
				CLANG_WARN_DEPRECATED_OBJC_IMPLEMENTATIONS = YES;
				CLANG_WARN_DIRECT_OBJC_ISA_USAGE = YES_ERROR;
				CLANG_WARN_DOCUMENTATION_COMMENTS = YES;
				CLANG_WARN_EMPTY_BODY = YES;
				CLANG_WARN_ENUM_CONVERSION = YES;
				CLANG_WARN_INFINITE_RECURSION = YES;
				CLANG_WARN_INT_CONVERSION = YES;
				CLANG_WARN_NON_LITERAL_NULL_CONVERSION = YES;
				CLANG_WARN_OBJC_IMPLICIT_RETAIN_SELF = YES;
				CLANG_WARN_OBJC_LITERAL_CONVERSION = YES;
				CLANG_WARN_OBJC_ROOT_CLASS = YES_ERROR;
				CLANG_WARN_QUOTED_INCLUDE_IN_FRAMEWORK_HEADER = YES;
				CLANG_WARN_RANGE_LOOP_ANALYSIS = YES;
				CLANG_WARN_STRICT_PROTOTYPES = YES;
				CLANG_WARN_SUSPICIOUS_MOVE = YES;
				CLANG_WARN_UNGUARDED_AVAILABILITY = YES_AGGRESSIVE;
				CLANG_WARN_UNREACHABLE_CODE = YES;
				CLANG_WARN__DUPLICATE_METHOD_MATCH = YES;
				COPY_PHASE_STRIP = NO;
				DEBUG_INFORMATION_FORMAT = dwarf;
				ENABLE_STRICT_OBJC_MSGSEND = YES;
				ENABLE_TESTABILITY = YES;
				GCC_C_LANGUAGE_STANDARD = gnu11;
				GCC_DYNAMIC_NO_PIC = NO;
				GCC_NO_COMMON_BLOCKS = YES;
				GCC_OPTIMIZATION_LEVEL = 0;
				GCC_PREPROCESSOR_DEFINITIONS = (
					"DEBUG=1",
					"$(inherited)",
				);
				GCC_WARN_64_TO_32_BIT_CONVERSION = YES;
				GCC_WARN_ABOUT_RETURN_TYPE = YES_ERROR;
				GCC_WARN_UNDECLARED_SELECTOR = YES;
				GCC_WARN_UNINITIALIZED_AUTOS = YES_AGGRESSIVE;
				GCC_WARN_UNUSED_FUNCTION = YES;
				GCC_WARN_UNUSED_VARIABLE = YES;
				IPHONEOS_DEPLOYMENT_TARGET = 16.2;
				MTL_ENABLE_DEBUG_INFO = INCLUDE_SOURCE;
				MTL_FAST_MATH = YES;
				ONLY_ACTIVE_ARCH = YES;
				SDKROOT = iphoneos;
				SWIFT_ACTIVE_COMPILATION_CONDITIONS = DEBUG;
				SWIFT_OPTIMIZATION_LEVEL = "-Onone";
			};
			name = Debug;
		};
		783CDE0929786F1B006CD833 /* Release */ = {
			isa = XCBuildConfiguration;
			buildSettings = {
				ALWAYS_SEARCH_USER_PATHS = NO;
				CLANG_ANALYZER_NONNULL = YES;
				CLANG_ANALYZER_NUMBER_OBJECT_CONVERSION = YES_AGGRESSIVE;
				CLANG_CXX_LANGUAGE_STANDARD = "gnu++20";
				CLANG_ENABLE_MODULES = YES;
				CLANG_ENABLE_OBJC_ARC = YES;
				CLANG_ENABLE_OBJC_WEAK = YES;
				CLANG_WARN_BLOCK_CAPTURE_AUTORELEASING = YES;
				CLANG_WARN_BOOL_CONVERSION = YES;
				CLANG_WARN_COMMA = YES;
				CLANG_WARN_CONSTANT_CONVERSION = YES;
				CLANG_WARN_DEPRECATED_OBJC_IMPLEMENTATIONS = YES;
				CLANG_WARN_DIRECT_OBJC_ISA_USAGE = YES_ERROR;
				CLANG_WARN_DOCUMENTATION_COMMENTS = YES;
				CLANG_WARN_EMPTY_BODY = YES;
				CLANG_WARN_ENUM_CONVERSION = YES;
				CLANG_WARN_INFINITE_RECURSION = YES;
				CLANG_WARN_INT_CONVERSION = YES;
				CLANG_WARN_NON_LITERAL_NULL_CONVERSION = YES;
				CLANG_WARN_OBJC_IMPLICIT_RETAIN_SELF = YES;
				CLANG_WARN_OBJC_LITERAL_CONVERSION = YES;
				CLANG_WARN_OBJC_ROOT_CLASS = YES_ERROR;
				CLANG_WARN_QUOTED_INCLUDE_IN_FRAMEWORK_HEADER = YES;
				CLANG_WARN_RANGE_LOOP_ANALYSIS = YES;
				CLANG_WARN_STRICT_PROTOTYPES = YES;
				CLANG_WARN_SUSPICIOUS_MOVE = YES;
				CLANG_WARN_UNGUARDED_AVAILABILITY = YES_AGGRESSIVE;
				CLANG_WARN_UNREACHABLE_CODE = YES;
				CLANG_WARN__DUPLICATE_METHOD_MATCH = YES;
				COPY_PHASE_STRIP = NO;
				DEBUG_INFORMATION_FORMAT = "dwarf-with-dsym";
				ENABLE_NS_ASSERTIONS = NO;
				ENABLE_STRICT_OBJC_MSGSEND = YES;
				GCC_C_LANGUAGE_STANDARD = gnu11;
				GCC_NO_COMMON_BLOCKS = YES;
				GCC_WARN_64_TO_32_BIT_CONVERSION = YES;
				GCC_WARN_ABOUT_RETURN_TYPE = YES_ERROR;
				GCC_WARN_UNDECLARED_SELECTOR = YES;
				GCC_WARN_UNINITIALIZED_AUTOS = YES_AGGRESSIVE;
				GCC_WARN_UNUSED_FUNCTION = YES;
				GCC_WARN_UNUSED_VARIABLE = YES;
				IPHONEOS_DEPLOYMENT_TARGET = 16.2;
				MTL_ENABLE_DEBUG_INFO = NO;
				MTL_FAST_MATH = YES;
				SDKROOT = iphoneos;
				SWIFT_COMPILATION_MODE = wholemodule;
				SWIFT_OPTIMIZATION_LEVEL = "-O";
				VALIDATE_PRODUCT = YES;
			};
			name = Release;
		};
		783CDE0B29786F1B006CD833 /* Debug */ = {
			isa = XCBuildConfiguration;
			baseConfigurationReference = 87B938694E0A7C208268D868 /* Pods-MersegrammM.debug.xcconfig */;
			buildSettings = {
				ASSETCATALOG_COMPILER_APPICON_NAME = AppIcon;
				ASSETCATALOG_COMPILER_GLOBAL_ACCENT_COLOR_NAME = AccentColor;
				CODE_SIGN_STYLE = Automatic;
				CURRENT_PROJECT_VERSION = 1;
				DEVELOPMENT_ASSET_PATHS = "";
				DEVELOPMENT_TEAM = X4HARF4Z42;
				GENERATE_INFOPLIST_FILE = YES;
				INFOPLIST_FILE = MersegrammM/Info.plist;
				INFOPLIST_KEY_UIApplicationSupportsIndirectInputEvents = YES;
				INFOPLIST_KEY_UILaunchStoryboardName = Start.storyboard;
				INFOPLIST_KEY_UIMainStoryboardFile = Start;
				INFOPLIST_KEY_UIStatusBarStyle = "";
				INFOPLIST_KEY_UISupportedInterfaceOrientations = "UIInterfaceOrientationLandscapeLeft UIInterfaceOrientationLandscapeRight UIInterfaceOrientationPortrait";
				INFOPLIST_KEY_UISupportedInterfaceOrientations_iPad = UIInterfaceOrientationPortrait;
				IPHONEOS_DEPLOYMENT_TARGET = 13.0;
				LD_RUNPATH_SEARCH_PATHS = (
					"$(inherited)",
					"@executable_path/Frameworks",
				);
				MARKETING_VERSION = 1.0;
				PRODUCT_BUNDLE_IDENTIFIER = "made-in-home.MersegrammM";
				PRODUCT_NAME = "$(TARGET_NAME)";
				SWIFT_EMIT_LOC_STRINGS = YES;
				SWIFT_VERSION = 5.0;
				TARGETED_DEVICE_FAMILY = "1,2";
			};
			name = Debug;
		};
		783CDE0C29786F1B006CD833 /* Release */ = {
			isa = XCBuildConfiguration;
			baseConfigurationReference = AB9B0D347FF0363CFFC4B124 /* Pods-MersegrammM.release.xcconfig */;
			buildSettings = {
				ASSETCATALOG_COMPILER_APPICON_NAME = AppIcon;
				ASSETCATALOG_COMPILER_GLOBAL_ACCENT_COLOR_NAME = AccentColor;
				CODE_SIGN_STYLE = Automatic;
				CURRENT_PROJECT_VERSION = 1;
				DEVELOPMENT_ASSET_PATHS = "";
				DEVELOPMENT_TEAM = X4HARF4Z42;
				GENERATE_INFOPLIST_FILE = YES;
				INFOPLIST_FILE = MersegrammM/Info.plist;
				INFOPLIST_KEY_UIApplicationSupportsIndirectInputEvents = YES;
				INFOPLIST_KEY_UILaunchStoryboardName = Start.storyboard;
				INFOPLIST_KEY_UIMainStoryboardFile = Start;
				INFOPLIST_KEY_UIStatusBarStyle = "";
				INFOPLIST_KEY_UISupportedInterfaceOrientations = "UIInterfaceOrientationLandscapeLeft UIInterfaceOrientationLandscapeRight UIInterfaceOrientationPortrait";
				INFOPLIST_KEY_UISupportedInterfaceOrientations_iPad = UIInterfaceOrientationPortrait;
				IPHONEOS_DEPLOYMENT_TARGET = 13.0;
				LD_RUNPATH_SEARCH_PATHS = (
					"$(inherited)",
					"@executable_path/Frameworks",
				);
				MARKETING_VERSION = 1.0;
				PRODUCT_BUNDLE_IDENTIFIER = "made-in-home.MersegrammM";
				PRODUCT_NAME = "$(TARGET_NAME)";
				SWIFT_EMIT_LOC_STRINGS = YES;
				SWIFT_VERSION = 5.0;
				TARGETED_DEVICE_FAMILY = "1,2";
			};
			name = Release;
		};
/* End XCBuildConfiguration section */

/* Begin XCConfigurationList section */
		783CDDF129786F1A006CD833 /* Build configuration list for PBXProject "MersegrammM" */ = {
			isa = XCConfigurationList;
			buildConfigurations = (
				783CDE0829786F1B006CD833 /* Debug */,
				783CDE0929786F1B006CD833 /* Release */,
			);
			defaultConfigurationIsVisible = 0;
			defaultConfigurationName = Release;
		};
		783CDE0A29786F1B006CD833 /* Build configuration list for PBXNativeTarget "MersegrammM" */ = {
			isa = XCConfigurationList;
			buildConfigurations = (
				783CDE0B29786F1B006CD833 /* Debug */,
				783CDE0C29786F1B006CD833 /* Release */,
			);
			defaultConfigurationIsVisible = 0;
			defaultConfigurationName = Release;
		};
/* End XCConfigurationList section */
	};
	rootObject = 783CDDEE29786F1A006CD833 /* Project object */;
}
